
Microsoft Visual Studio Solution File, Format Version 12.00
# Visual Studio 15
VisualStudioVersion = 15.0.27703.2035
MinimumVisualStudioVersion = 10.0.40219.1
Project("{FAE04EC0-301F-11D3-BF4B-00C04F79EFBC}") = "ConsoleApp1", "ConsoleApp1\ConsoleApp1.csproj", "{31BBC9EC-BD7C-4534-940D-69DAC80B68B6}"
EndProject
Project("{FAE04EC0-301F-11D3-BF4B-00C04F79EFBC}") = "second", "second\second.csproj", "{5CB73B84-4260-4F8D-9C50-9DA793421937}"
EndProject
Global
	GlobalSection(SolutionConfigurationPlatforms) = preSolution
		Debug|Any CPU = Debug|Any CPU
		Release|Any CPU = Release|Any CPU
	EndGlobalSection
	GlobalSection(ProjectConfigurationPlatforms) = postSolution
		{31BBC9EC-BD7C-4534-940D-69DAC80B68B6}.Debug|Any CPU.ActiveCfg = Debug|Any CPU
		{31BBC9EC-BD7C-4534-940D-69DAC80B68B6}.Debug|Any CPU.Build.0 = Debug|Any CPU
		{31BBC9EC-BD7C-4534-940D-69DAC80B68B6}.Release|Any CPU.ActiveCfg = Release|Any CPU
		{31BBC9EC-BD7C-4534-940D-69DAC80B68B6}.Release|Any CPU.Build.0 = Release|Any CPU
		{5CB73B84-4260-4F8D-9C50-9DA793421937}.Debug|Any CPU.ActiveCfg = Debug|Any CPU
		{5CB73B84-4260-4F8D-9C50-9DA793421937}.Debug|Any CPU.Build.0 = Debug|Any CPU
		{5CB73B84-4260-4F8D-9C50-9DA793421937}.Release|Any CPU.ActiveCfg = Release|Any CPU
		{5CB73B84-4260-4F8D-9C50-9DA793421937}.Release|Any CPU.Build.0 = Release|Any CPU
	EndGlobalSection
	GlobalSection(SolutionProperties) = preSolution
		HideSolutionNode = FALSE
	EndGlobalSection
	GlobalSection(ExtensibilityGlobals) = postSolution
		SolutionGuid = {A6A97BDB-B1D9-4276-A511-D983DC57DD4D}
	EndGlobalSection
EndGlobal
